// !$*UTF8*$!
{
	archiveVersion = 1;
	classes = {
	};
	objectVersion = 56;
	objects = {

/* Begin PBXBuildFile section */
		FE64B9BA2B4C31AF00A70F62 /* ReadSpeedsterApp.swift in Sources */ = {isa = PBXBuildFile; fileRef = FE64B9B92B4C31AF00A70F62 /* ReadSpeedsterApp.swift */; };
		FE64B9BC2B4C31AF00A70F62 /* ContentView.swift in Sources */ = {isa = PBXBuildFile; fileRef = FE64B9BB2B4C31AF00A70F62 /* ContentView.swift */; };
		FE64B9BE2B4C31B100A70F62 /* Assets.xcassets in Resources */ = {isa = PBXBuildFile; fileRef = FE64B9BD2B4C31B100A70F62 /* Assets.xcassets */; };
		FE64B9C12B4C31B100A70F62 /* Preview Assets.xcassets in Resources */ = {isa = PBXBuildFile; fileRef = FE64B9C02B4C31B100A70F62 /* Preview Assets.xcassets */; };
		FE64B9CB2B4C31B100A70F62 /* ReadSpeedsterTests.swift in Sources */ = {isa = PBXBuildFile; fileRef = FE64B9CA2B4C31B100A70F62 /* ReadSpeedsterTests.swift */; };
		FE64B9D52B4C31B100A70F62 /* ReadSpeedsterUITests.swift in Sources */ = {isa = PBXBuildFile; fileRef = FE64B9D42B4C31B100A70F62 /* ReadSpeedsterUITests.swift */; };
		FE64B9D72B4C31B100A70F62 /* ReadSpeedsterUITestsLaunchTests.swift in Sources */ = {isa = PBXBuildFile; fileRef = FE64B9D62B4C31B100A70F62 /* ReadSpeedsterUITestsLaunchTests.swift */; };
/* End PBXBuildFile section */

/* Begin PBXContainerItemProxy section */
		FE64B9C72B4C31B100A70F62 /* PBXContainerItemProxy */ = {
			isa = PBXContainerItemProxy;
			containerPortal = FE64B9AE2B4C31AF00A70F62 /* Project object */;
			proxyType = 1;
			remoteGlobalIDString = FE64B9B52B4C31AF00A70F62;
			remoteInfo = ReadSpeedster;
		};
		FE64B9D12B4C31B100A70F62 /* PBXContainerItemProxy */ = {
			isa = PBXContainerItemProxy;
			containerPortal = FE64B9AE2B4C31AF00A70F62 /* Project object */;
			proxyType = 1;
			remoteGlobalIDString = FE64B9B52B4C31AF00A70F62;
			remoteInfo = ReadSpeedster;
		};
/* End PBXContainerItemProxy section */

/* Begin PBXFileReference section */
		FE64B9B62B4C31AF00A70F62 /* ReadSpeedster.app */ = {isa = PBXFileReference; explicitFileType = wrapper.application; includeInIndex = 0; path = ReadSpeedster.app; sourceTree = BUILT_PRODUCTS_DIR; };
		FE64B9B92B4C31AF00A70F62 /* ReadSpeedsterApp.swift */ = {isa = PBXFileReference; lastKnownFileType = sourcecode.swift; path = ReadSpeedsterApp.swift; sourceTree = "<group>"; };
		FE64B9BB2B4C31AF00A70F62 /* ContentView.swift */ = {isa = PBXFileReference; lastKnownFileType = sourcecode.swift; path = ContentView.swift; sourceTree = "<group>"; };
		FE64B9BD2B4C31B100A70F62 /* Assets.xcassets */ = {isa = PBXFileReference; lastKnownFileType = folder.assetcatalog; path = Assets.xcassets; sourceTree = "<group>"; };
		FE64B9C02B4C31B100A70F62 /* Preview Assets.xcassets */ = {isa = PBXFileReference; lastKnownFileType = folder.assetcatalog; path = "Preview Assets.xcassets"; sourceTree = "<group>"; };
		FE64B9C62B4C31B100A70F62 /* ReadSpeedsterTests.xctest */ = {isa = PBXFileReference; explicitFileType = wrapper.cfbundle; includeInIndex = 0; path = ReadSpeedsterTests.xctest; sourceTree = BUILT_PRODUCTS_DIR; };
		FE64B9CA2B4C31B100A70F62 /* ReadSpeedsterTests.swift */ = {isa = PBXFileReference; lastKnownFileType = sourcecode.swift; path = ReadSpeedsterTests.swift; sourceTree = "<group>"; };
		FE64B9D02B4C31B100A70F62 /* ReadSpeedsterUITests.xctest */ = {isa = PBXFileReference; explicitFileType = wrapper.cfbundle; includeInIndex = 0; path = ReadSpeedsterUITests.xctest; sourceTree = BUILT_PRODUCTS_DIR; };
		FE64B9D42B4C31B100A70F62 /* ReadSpeedsterUITests.swift */ = {isa = PBXFileReference; lastKnownFileType = sourcecode.swift; path = ReadSpeedsterUITests.swift; sourceTree = "<group>"; };
		FE64B9D62B4C31B100A70F62 /* ReadSpeedsterUITestsLaunchTests.swift */ = {isa = PBXFileReference; lastKnownFileType = sourcecode.swift; path = ReadSpeedsterUITestsLaunchTests.swift; sourceTree = "<group>"; };
/* End PBXFileReference section */

/* Begin PBXFrameworksBuildPhase section */
		FE64B9B32B4C31AF00A70F62 /* Frameworks */ = {
			isa = PBXFrameworksBuildPhase;
			buildActionMask = 2147483647;
			files = (
			);
			runOnlyForDeploymentPostprocessing = 0;
		};
		FE64B9C32B4C31B100A70F62 /* Frameworks */ = {
			isa = PBXFrameworksBuildPhase;
			buildActionMask = 2147483647;
			files = (
			);
			runOnlyForDeploymentPostprocessing = 0;
		};
		FE64B9CD2B4C31B100A70F62 /* Frameworks */ = {
			isa = PBXFrameworksBuildPhase;
			buildActionMask = 2147483647;
			files = (
			);
			runOnlyForDeploymentPostprocessing = 0;
		};
/* End PBXFrameworksBuildPhase section */

/* Begin PBXGroup section */
		FE64B9AD2B4C31AF00A70F62 = {
			isa = PBXGroup;
			children = (
				FE64B9B82B4C31AF00A70F62 /* ReadSpeedster */,
				FE64B9C92B4C31B100A70F62 /* ReadSpeedsterTests */,
				FE64B9D32B4C31B100A70F62 /* ReadSpeedsterUITests */,
				FE64B9B72B4C31AF00A70F62 /* Products */,
			);
			sourceTree = "<group>";
		};
		FE64B9B72B4C31AF00A70F62 /* Products */ = {
			isa = PBXGroup;
			children = (
				FE64B9B62B4C31AF00A70F62 /* ReadSpeedster.app */,
				FE64B9C62B4C31B100A70F62 /* ReadSpeedsterTests.xctest */,
				FE64B9D02B4C31B100A70F62 /* ReadSpeedsterUITests.xctest */,
			);
			name = Products;
			sourceTree = "<group>";
		};
		FE64B9B82B4C31AF00A70F62 /* ReadSpeedster */ = {
			isa = PBXGroup;
			children = (
				FE64B9B92B4C31AF00A70F62 /* ReadSpeedsterApp.swift */,
				FE64B9BB2B4C31AF00A70F62 /* ContentView.swift */,
				FE64B9BD2B4C31B100A70F62 /* Assets.xcassets */,
				FE64B9BF2B4C31B100A70F62 /* Preview Content */,
			);
			path = ReadSpeedster;
			sourceTree = "<group>";
		};
		FE64B9BF2B4C31B100A70F62 /* Preview Content */ = {
			isa = PBXGroup;
			children = (
				FE64B9C02B4C31B100A70F62 /* Preview Assets.xcassets */,
			);
			path = "Preview Content";
			sourceTree = "<group>";
		};
		FE64B9C92B4C31B100A70F62 /* ReadSpeedsterTests */ = {
			isa = PBXGroup;
			children = (
				FE64B9CA2B4C31B100A70F62 /* ReadSpeedsterTests.swift */,
			);
			path = ReadSpeedsterTests;
			sourceTree = "<group>";
		};
		FE64B9D32B4C31B100A70F62 /* ReadSpeedsterUITests */ = {
			isa = PBXGroup;
			children = (
				FE64B9D42B4C31B100A70F62 /* ReadSpeedsterUITests.swift */,
				FE64B9D62B4C31B100A70F62 /* ReadSpeedsterUITestsLaunchTests.swift */,
			);
			path = ReadSpeedsterUITests;
			sourceTree = "<group>";
		};
/* End PBXGroup section */

/* Begin PBXNativeTarget section */
		FE64B9B52B4C31AF00A70F62 /* ReadSpeedster */ = {
			isa = PBXNativeTarget;
			buildConfigurationList = FE64B9DA2B4C31B100A70F62 /* Build configuration list for PBXNativeTarget "ReadSpeedster" */;
			buildPhases = (
				FE64B9B22B4C31AF00A70F62 /* Sources */,
				FE64B9B32B4C31AF00A70F62 /* Frameworks */,
				FE64B9B42B4C31AF00A70F62 /* Resources */,
			);
			buildRules = (
			);
			dependencies = (
			);
			name = ReadSpeedster;
			productName = ReadSpeedster;
			productReference = FE64B9B62B4C31AF00A70F62 /* ReadSpeedster.app */;
			productType = "com.apple.product-type.application";
		};
		FE64B9C52B4C31B100A70F62 /* ReadSpeedsterTests */ = {
			isa = PBXNativeTarget;
			buildConfigurationList = FE64B9DD2B4C31B100A70F62 /* Build configuration list for PBXNativeTarget "ReadSpeedsterTests" */;
			buildPhases = (
				FE64B9C22B4C31B100A70F62 /* Sources */,
				FE64B9C32B4C31B100A70F62 /* Frameworks */,
				FE64B9C42B4C31B100A70F62 /* Resources */,
			);
			buildRules = (
			);
			dependencies = (
				FE64B9C82B4C31B100A70F62 /* PBXTargetDependency */,
			);
			name = ReadSpeedsterTests;
			productName = ReadSpeedsterTests;
			productReference = FE64B9C62B4C31B100A70F62 /* ReadSpeedsterTests.xctest */;
			productType = "com.apple.product-type.bundle.unit-test";
		};
		FE64B9CF2B4C31B100A70F62 /* ReadSpeedsterUITests */ = {
			isa = PBXNativeTarget;
			buildConfigurationList = FE64B9E02B4C31B100A70F62 /* Build configuration list for PBXNativeTarget "ReadSpeedsterUITests" */;
			buildPhases = (
				FE64B9CC2B4C31B100A70F62 /* Sources */,
				FE64B9CD2B4C31B100A70F62 /* Frameworks */,
				FE64B9CE2B4C31B100A70F62 /* Resources */,
			);
			buildRules = (
			);
			dependencies = (
				FE64B9D22B4C31B100A70F62 /* PBXTargetDependency */,
			);
			name = ReadSpeedsterUITests;
			productName = ReadSpeedsterUITests;
			productReference = FE64B9D02B4C31B100A70F62 /* ReadSpeedsterUITests.xctest */;
			productType = "com.apple.product-type.bundle.ui-testing";
		};
/* End PBXNativeTarget section */

/* Begin PBXProject section */
		FE64B9AE2B4C31AF00A70F62 /* Project object */ = {
			isa = PBXProject;
			attributes = {
				BuildIndependentTargetsInParallel = 1;
				LastSwiftUpdateCheck = 1510;
				LastUpgradeCheck = 1510;
				TargetAttributes = {
					FE64B9B52B4C31AF00A70F62 = {
						CreatedOnToolsVersion = 15.1;
					};
					FE64B9C52B4C31B100A70F62 = {
						CreatedOnToolsVersion = 15.1;
						TestTargetID = FE64B9B52B4C31AF00A70F62;
					};
					FE64B9CF2B4C31B100A70F62 = {
						CreatedOnToolsVersion = 15.1;
						TestTargetID = FE64B9B52B4C31AF00A70F62;
					};
				};
			};
			buildConfigurationList = FE64B9B12B4C31AF00A70F62 /* Build configuration list for PBXProject "ReadSpeedster" */;
			compatibilityVersion = "Xcode 14.0";
			developmentRegion = en;
			hasScannedForEncodings = 0;
			knownRegions = (
				en,
				Base,
			);
			mainGroup = FE64B9AD2B4C31AF00A70F62;
			productRefGroup = FE64B9B72B4C31AF00A70F62 /* Products */;
			projectDirPath = "";
			projectRoot = "";
			targets = (
				FE64B9B52B4C31AF00A70F62 /* ReadSpeedster */,
				FE64B9C52B4C31B100A70F62 /* ReadSpeedsterTests */,
				FE64B9CF2B4C31B100A70F62 /* ReadSpeedsterUITests */,
			);
		};
/* End PBXProject section */

/* Begin PBXResourcesBuildPhase section */
		FE64B9B42B4C31AF00A70F62 /* Resources */ = {
			isa = PBXResourcesBuildPhase;
			buildActionMask = 2147483647;
			files = (
				FE64B9C12B4C31B100A70F62 /* Preview Assets.xcassets in Resources */,
				FE64B9BE2B4C31B100A70F62 /* Assets.xcassets in Resources */,
			);
			runOnlyForDeploymentPostprocessing = 0;
		};
		FE64B9C42B4C31B100A70F62 /* Resources */ = {
			isa = PBXResourcesBuildPhase;
			buildActionMask = 2147483647;
			files = (
			);
			runOnlyForDeploymentPostprocessing = 0;
		};
		FE64B9CE2B4C31B100A70F62 /* Resources */ = {
			isa = PBXResourcesBuildPhase;
			buildActionMask = 2147483647;
			files = (
			);
			runOnlyForDeploymentPostprocessing = 0;
		};
/* End PBXResourcesBuildPhase section */

/* Begin PBXSourcesBuildPhase section */
		FE64B9B22B4C31AF00A70F62 /* Sources */ = {
			isa = PBXSourcesBuildPhase;
			buildActionMask = 2147483647;
			files = (
				FE64B9BC2B4C31AF00A70F62 /* ContentView.swift in Sources */,
				FE64B9BA2B4C31AF00A70F62 /* ReadSpeedsterApp.swift in Sources */,
			);
			runOnlyForDeploymentPostprocessing = 0;
		};
		FE64B9C22B4C31B100A70F62 /* Sources */ = {
			isa = PBXSourcesBuildPhase;
			buildActionMask = 2147483647;
			files = (
				FE64B9CB2B4C31B100A70F62 /* ReadSpeedsterTests.swift in Sources */,
			);
			runOnlyForDeploymentPostprocessing = 0;
		};
		FE64B9CC2B4C31B100A70F62 /* Sources */ = {
			isa = PBXSourcesBuildPhase;
			buildActionMask = 2147483647;
			files = (
				FE64B9D72B4C31B100A70F62 /* ReadSpeedsterUITestsLaunchTests.swift in Sources */,
				FE64B9D52B4C31B100A70F62 /* ReadSpeedsterUITests.swift in Sources */,
			);
			runOnlyForDeploymentPostprocessing = 0;
		};
/* End PBXSourcesBuildPhase section */

/* Begin PBXTargetDependency section */
		FE64B9C82B4C31B100A70F62 /* PBXTargetDependency */ = {
			isa = PBXTargetDependency;
			target = FE64B9B52B4C31AF00A70F62 /* ReadSpeedster */;
			targetProxy = FE64B9C72B4C31B100A70F62 /* PBXContainerItemProxy */;
		};
		FE64B9D22B4C31B100A70F62 /* PBXTargetDependency */ = {
			isa = PBXTargetDependency;
			target = FE64B9B52B4C31AF00A70F62 /* ReadSpeedster */;
			targetProxy = FE64B9D12B4C31B100A70F62 /* PBXContainerItemProxy */;
		};
/* End PBXTargetDependency section */

/* Begin XCBuildConfiguration section */
		FE64B9D82B4C31B100A70F62 /* Debug */ = {
			isa = XCBuildConfiguration;
			buildSettings = {
				ALWAYS_SEARCH_USER_PATHS = NO;
				ASSETCATALOG_COMPILER_GENERATE_SWIFT_ASSET_SYMBOL_EXTENSIONS = YES;
				CLANG_ANALYZER_NONNULL = YES;
				CLANG_ANALYZER_NUMBER_OBJECT_CONVERSION = YES_AGGRESSIVE;
				CLANG_CXX_LANGUAGE_STANDARD = "gnu++20";
				CLANG_ENABLE_MODULES = YES;
				CLANG_ENABLE_OBJC_ARC = YES;
				CLANG_ENABLE_OBJC_WEAK = YES;
				CLANG_WARN_BLOCK_CAPTURE_AUTORELEASING = YES;
				CLANG_WARN_BOOL_CONVERSION = YES;
				CLANG_WARN_COMMA = YES;
				CLANG_WARN_CONSTANT_CONVERSION = YES;
				CLANG_WARN_DEPRECATED_OBJC_IMPLEMENTATIONS = YES;
				CLANG_WARN_DIRECT_OBJC_ISA_USAGE = YES_ERROR;
				CLANG_WARN_DOCUMENTATION_COMMENTS = YES;
				CLANG_WARN_EMPTY_BODY = YES;
				CLANG_WARN_ENUM_CONVERSION = YES;
				CLANG_WARN_INFINITE_RECURSION = YES;
				CLANG_WARN_INT_CONVERSION = YES;
				CLANG_WARN_NON_LITERAL_NULL_CONVERSION = YES;
				CLANG_WARN_OBJC_IMPLICIT_RETAIN_SELF = YES;
				CLANG_WARN_OBJC_LITERAL_CONVERSION = YES;
				CLANG_WARN_OBJC_ROOT_CLASS = YES_ERROR;
				CLANG_WARN_QUOTED_INCLUDE_IN_FRAMEWORK_HEADER = YES;
				CLANG_WARN_RANGE_LOOP_ANALYSIS = YES;
				CLANG_WARN_STRICT_PROTOTYPES = YES;
				CLANG_WARN_SUSPICIOUS_MOVE = YES;
				CLANG_WARN_UNGUARDED_AVAILABILITY = YES_AGGRESSIVE;
				CLANG_WARN_UNREACHABLE_CODE = YES;
				CLANG_WARN__DUPLICATE_METHOD_MATCH = YES;
				COPY_PHASE_STRIP = NO;
				DEBUG_INFORMATION_FORMAT = dwarf;
				ENABLE_STRICT_OBJC_MSGSEND = YES;
				ENABLE_TESTABILITY = YES;
				ENABLE_USER_SCRIPT_SANDBOXING = YES;
				GCC_C_LANGUAGE_STANDARD = gnu17;
				GCC_DYNAMIC_NO_PIC = NO;
				GCC_NO_COMMON_BLOCKS = YES;
				GCC_OPTIMIZATION_LEVEL = 0;
				GCC_PREPROCESSOR_DEFINITIONS = (
					"DEBUG=1",
					"$(inherited)",
				);
				GCC_WARN_64_TO_32_BIT_CONVERSION = YES;
				GCC_WARN_ABOUT_RETURN_TYPE = YES_ERROR;
				GCC_WARN_UNDECLARED_SELECTOR = YES;
				GCC_WARN_UNINITIALIZED_AUTOS = YES_AGGRESSIVE;
				GCC_WARN_UNUSED_FUNCTION = YES;
				GCC_WARN_UNUSED_VARIABLE = YES;
				IPHONEOS_DEPLOYMENT_TARGET = 17.2;
				LOCALIZATION_PREFERS_STRING_CATALOGS = YES;
				MTL_ENABLE_DEBUG_INFO = INCLUDE_SOURCE;
				MTL_FAST_MATH = YES;
				ONLY_ACTIVE_ARCH = YES;
				SDKROOT = iphoneos;
				SWIFT_ACTIVE_COMPILATION_CONDITIONS = "DEBUG $(inherited)";
				SWIFT_OPTIMIZATION_LEVEL = "-Onone";
			};
			name = Debug;
		};
		FE64B9D92B4C31B100A70F62 /* Release */ = {
			isa = XCBuildConfiguration;
			buildSettings = {
				ALWAYS_SEARCH_USER_PATHS = NO;
				ASSETCATALOG_COMPILER_GENERATE_SWIFT_ASSET_SYMBOL_EXTENSIONS = YES;
				CLANG_ANALYZER_NONNULL = YES;
				CLANG_ANALYZER_NUMBER_OBJECT_CONVERSION = YES_AGGRESSIVE;
				CLANG_CXX_LANGUAGE_STANDARD = "gnu++20";
				CLANG_ENABLE_MODULES = YES;
				CLANG_ENABLE_OBJC_ARC = YES;
				CLANG_ENABLE_OBJC_WEAK = YES;
				CLANG_WARN_BLOCK_CAPTURE_AUTORELEASING = YES;
				CLANG_WARN_BOOL_CONVERSION = YES;
				CLANG_WARN_COMMA = YES;
				CLANG_WARN_CONSTANT_CONVERSION = YES;
				CLANG_WARN_DEPRECATED_OBJC_IMPLEMENTATIONS = YES;
				CLANG_WARN_DIRECT_OBJC_ISA_USAGE = YES_ERROR;
				CLANG_WARN_DOCUMENTATION_COMMENTS = YES;
				CLANG_WARN_EMPTY_BODY = YES;
				CLANG_WARN_ENUM_CONVERSION = YES;
				CLANG_WARN_INFINITE_RECURSION = YES;
				CLANG_WARN_INT_CONVERSION = YES;
				CLANG_WARN_NON_LITERAL_NULL_CONVERSION = YES;
				CLANG_WARN_OBJC_IMPLICIT_RETAIN_SELF = YES;
				CLANG_WARN_OBJC_LITERAL_CONVERSION = YES;
				CLANG_WARN_OBJC_ROOT_CLASS = YES_ERROR;
				CLANG_WARN_QUOTED_INCLUDE_IN_FRAMEWORK_HEADER = YES;
				CLANG_WARN_RANGE_LOOP_ANALYSIS = YES;
				CLANG_WARN_STRICT_PROTOTYPES = YES;
				CLANG_WARN_SUSPICIOUS_MOVE = YES;
				CLANG_WARN_UNGUARDED_AVAILABILITY = YES_AGGRESSIVE;
				CLANG_WARN_UNREACHABLE_CODE = YES;
				CLANG_WARN__DUPLICATE_METHOD_MATCH = YES;
				COPY_PHASE_STRIP = NO;
				DEBUG_INFORMATION_FORMAT = "dwarf-with-dsym";
				ENABLE_NS_ASSERTIONS = NO;
				ENABLE_STRICT_OBJC_MSGSEND = YES;
				ENABLE_USER_SCRIPT_SANDBOXING = YES;
				GCC_C_LANGUAGE_STANDARD = gnu17;
				GCC_NO_COMMON_BLOCKS = YES;
				GCC_WARN_64_TO_32_BIT_CONVERSION = YES;
				GCC_WARN_ABOUT_RETURN_TYPE = YES_ERROR;
				GCC_WARN_UNDECLARED_SELECTOR = YES;
				GCC_WARN_UNINITIALIZED_AUTOS = YES_AGGRESSIVE;
				GCC_WARN_UNUSED_FUNCTION = YES;
				GCC_WARN_UNUSED_VARIABLE = YES;
				IPHONEOS_DEPLOYMENT_TARGET = 17.2;
				LOCALIZATION_PREFERS_STRING_CATALOGS = YES;
				MTL_ENABLE_DEBUG_INFO = NO;
				MTL_FAST_MATH = YES;
				SDKROOT = iphoneos;
				SWIFT_COMPILATION_MODE = wholemodule;
				VALIDATE_PRODUCT = YES;
			};
			name = Release;
		};
		FE64B9DB2B4C31B100A70F62 /* Debug */ = {
			isa = XCBuildConfiguration;
			buildSettings = {
				ASSETCATALOG_COMPILER_APPICON_NAME = AppIcon;
				ASSETCATALOG_COMPILER_GLOBAL_ACCENT_COLOR_NAME = AccentColor;
				CODE_SIGN_STYLE = Automatic;
				CURRENT_PROJECT_VERSION = 1;
				DEVELOPMENT_ASSET_PATHS = "\"ReadSpeedster/Preview Content\"";
				ENABLE_PREVIEWS = YES;
				GENERATE_INFOPLIST_FILE = YES;
				INFOPLIST_KEY_UIApplicationSceneManifest_Generation = YES;
				INFOPLIST_KEY_UIApplicationSupportsIndirectInputEvents = YES;
				INFOPLIST_KEY_UILaunchScreen_Generation = YES;
				INFOPLIST_KEY_UISupportedInterfaceOrientations_iPad = "UIInterfaceOrientationPortrait UIInterfaceOrientationPortraitUpsideDown UIInterfaceOrientationLandscapeLeft UIInterfaceOrientationLandscapeRight";
				INFOPLIST_KEY_UISupportedInterfaceOrientations_iPhone = "UIInterfaceOrientationPortrait UIInterfaceOrientationLandscapeLeft UIInterfaceOrientationLandscapeRight";
				LD_RUNPATH_SEARCH_PATHS = (
					"$(inherited)",
					"@executable_path/Frameworks",
				);
				MARKETING_VERSION = 1.0;
				PRODUCT_BUNDLE_IDENTIFIER = com.rhiz0m.ReadSpeedster;
				PRODUCT_NAME = "$(TARGET_NAME)";
				SWIFT_EMIT_LOC_STRINGS = YES;
				SWIFT_VERSION = 5.0;
				TARGETED_DEVICE_FAMILY = "1,2";
			};
			name = Debug;
		};
		FE64B9DC2B4C31B100A70F62 /* Release */ = {
			isa = XCBuildConfiguration;
			buildSettings = {
				ASSETCATALOG_COMPILER_APPICON_NAME = AppIcon;
				ASSETCATALOG_COMPILER_GLOBAL_ACCENT_COLOR_NAME = AccentColor;
				CODE_SIGN_STYLE = Automatic;
				CURRENT_PROJECT_VERSION = 1;
				DEVELOPMENT_ASSET_PATHS = "\"ReadSpeedster/Preview Content\"";
				ENABLE_PREVIEWS = YES;
				GENERATE_INFOPLIST_FILE = YES;
				INFOPLIST_KEY_UIApplicationSceneManifest_Generation = YES;
				INFOPLIST_KEY_UIApplicationSupportsIndirectInputEvents = YES;
				INFOPLIST_KEY_UILaunchScreen_Generation = YES;
				INFOPLIST_KEY_UISupportedInterfaceOrientations_iPad = "UIInterfaceOrientationPortrait UIInterfaceOrientationPortraitUpsideDown UIInterfaceOrientationLandscapeLeft UIInterfaceOrientationLandscapeRight";
				INFOPLIST_KEY_UISupportedInterfaceOrientations_iPhone = "UIInterfaceOrientationPortrait UIInterfaceOrientationLandscapeLeft UIInterfaceOrientationLandscapeRight";
				LD_RUNPATH_SEARCH_PATHS = (
					"$(inherited)",
					"@executable_path/Frameworks",
				);
				MARKETING_VERSION = 1.0;
				PRODUCT_BUNDLE_IDENTIFIER = com.rhiz0m.ReadSpeedster;
				PRODUCT_NAME = "$(TARGET_NAME)";
				SWIFT_EMIT_LOC_STRINGS = YES;
				SWIFT_VERSION = 5.0;
				TARGETED_DEVICE_FAMILY = "1,2";
			};
			name = Release;
		};
		FE64B9DE2B4C31B100A70F62 /* Debug */ = {
			isa = XCBuildConfiguration;
			buildSettings = {
				ALWAYS_EMBED_SWIFT_STANDARD_LIBRARIES = YES;
				BUNDLE_LOADER = "$(TEST_HOST)";
				CODE_SIGN_STYLE = Automatic;
				CURRENT_PROJECT_VERSION = 1;
				GENERATE_INFOPLIST_FILE = YES;
				IPHONEOS_DEPLOYMENT_TARGET = 17.2;
				MARKETING_VERSION = 1.0;
				PRODUCT_BUNDLE_IDENTIFIER = com.rhiz0m.ReadSpeedsterTests;
				PRODUCT_NAME = "$(TARGET_NAME)";
				SWIFT_EMIT_LOC_STRINGS = NO;
				SWIFT_VERSION = 5.0;
				TARGETED_DEVICE_FAMILY = "1,2";
				TEST_HOST = "$(BUILT_PRODUCTS_DIR)/ReadSpeedster.app/$(BUNDLE_EXECUTABLE_FOLDER_PATH)/ReadSpeedster";
			};
			name = Debug;
		};
		FE64B9DF2B4C31B100A70F62 /* Release */ = {
			isa = XCBuildConfiguration;
			buildSettings = {
				ALWAYS_EMBED_SWIFT_STANDARD_LIBRARIES = YES;
				BUNDLE_LOADER = "$(TEST_HOST)";
				CODE_SIGN_STYLE = Automatic;
				CURRENT_PROJECT_VERSION = 1;
				GENERATE_INFOPLIST_FILE = YES;
				IPHONEOS_DEPLOYMENT_TARGET = 17.2;
				MARKETING_VERSION = 1.0;
				PRODUCT_BUNDLE_IDENTIFIER = com.rhiz0m.ReadSpeedsterTests;
				PRODUCT_NAME = "$(TARGET_NAME)";
				SWIFT_EMIT_LOC_STRINGS = NO;
				SWIFT_VERSION = 5.0;
				TARGETED_DEVICE_FAMILY = "1,2";
				TEST_HOST = "$(BUILT_PRODUCTS_DIR)/ReadSpeedster.app/$(BUNDLE_EXECUTABLE_FOLDER_PATH)/ReadSpeedster";
			};
			name = Release;
		};
		FE64B9E12B4C31B100A70F62 /* Debug */ = {
			isa = XCBuildConfiguration;
			buildSettings = {
				ALWAYS_EMBED_SWIFT_STANDARD_LIBRARIES = YES;
				CODE_SIGN_STYLE = Automatic;
				CURRENT_PROJECT_VERSION = 1;
				GENERATE_INFOPLIST_FILE = YES;
				MARKETING_VERSION = 1.0;
				PRODUCT_BUNDLE_IDENTIFIER = com.rhiz0m.ReadSpeedsterUITests;
				PRODUCT_NAME = "$(TARGET_NAME)";
				SWIFT_EMIT_LOC_STRINGS = NO;
				SWIFT_VERSION = 5.0;
				TARGETED_DEVICE_FAMILY = "1,2";
				TEST_TARGET_NAME = ReadSpeedster;
			};
			name = Debug;
		};
		FE64B9E22B4C31B100A70F62 /* Release */ = {
			isa = XCBuildConfiguration;
			buildSettings = {
				ALWAYS_EMBED_SWIFT_STANDARD_LIBRARIES = YES;
				CODE_SIGN_STYLE = Automatic;
				CURRENT_PROJECT_VERSION = 1;
				GENERATE_INFOPLIST_FILE = YES;
				MARKETING_VERSION = 1.0;
				PRODUCT_BUNDLE_IDENTIFIER = com.rhiz0m.ReadSpeedsterUITests;
				PRODUCT_NAME = "$(TARGET_NAME)";
				SWIFT_EMIT_LOC_STRINGS = NO;
				SWIFT_VERSION = 5.0;
				TARGETED_DEVICE_FAMILY = "1,2";
				TEST_TARGET_NAME = ReadSpeedster;
			};
			name = Release;
		};
/* End XCBuildConfiguration section */

/* Begin XCConfigurationList section */
		FE64B9B12B4C31AF00A70F62 /* Build configuration list for PBXProject "ReadSpeedster" */ = {
			isa = XCConfigurationList;
			buildConfigurations = (
				FE64B9D82B4C31B100A70F62 /* Debug */,
				FE64B9D92B4C31B100A70F62 /* Release */,
			);
			defaultConfigurationIsVisible = 0;
			defaultConfigurationName = Release;
		};
		FE64B9DA2B4C31B100A70F62 /* Build configuration list for PBXNativeTarget "ReadSpeedster" */ = {
			isa = XCConfigurationList;
			buildConfigurations = (
				FE64B9DB2B4C31B100A70F62 /* Debug */,
				FE64B9DC2B4C31B100A70F62 /* Release */,
			);
			defaultConfigurationIsVisible = 0;
			defaultConfigurationName = Release;
		};
		FE64B9DD2B4C31B100A70F62 /* Build configuration list for PBXNativeTarget "ReadSpeedsterTests" */ = {
			isa = XCConfigurationList;
			buildConfigurations = (
				FE64B9DE2B4C31B100A70F62 /* Debug */,
				FE64B9DF2B4C31B100A70F62 /* Release */,
			);
			defaultConfigurationIsVisible = 0;
			defaultConfigurationName = Release;
		};
		FE64B9E02B4C31B100A70F62 /* Build configuration list for PBXNativeTarget "ReadSpeedsterUITests" */ = {
			isa = XCConfigurationList;
			buildConfigurations = (
				FE64B9E12B4C31B100A70F62 /* Debug */,
				FE64B9E22B4C31B100A70F62 /* Release */,
			);
			defaultConfigurationIsVisible = 0;
			defaultConfigurationName = Release;
		};
/* End XCConfigurationList section */
	};
	rootObject = FE64B9AE2B4C31AF00A70F62 /* Project object */;
}
